// !$*UTF8*$!
{
	archiveVersion = 1;
	classes = {
	};
	objectVersion = 46;
	objects = {

/* Begin PBXBuildFile section */
		850FD3371657CB260095DC7C /* UIKit.framework in Frameworks */ = {isa = PBXBuildFile; fileRef = 850FD3361657CB260095DC7C /* UIKit.framework */; };
		850FD3391657CB260095DC7C /* Foundation.framework in Frameworks */ = {isa = PBXBuildFile; fileRef = 850FD3381657CB260095DC7C /* Foundation.framework */; };
		850FD33B1657CB260095DC7C /* CoreGraphics.framework in Frameworks */ = {isa = PBXBuildFile; fileRef = 850FD33A1657CB260095DC7C /* CoreGraphics.framework */; };
		850FD3411657CB260095DC7C /* InfoPlist.strings in Resources */ = {isa = PBXBuildFile; fileRef = 850FD33F1657CB260095DC7C /* InfoPlist.strings */; };
		850FD3431657CB260095DC7C /* main.m in Sources */ = {isa = PBXBuildFile; fileRef = 850FD3421657CB260095DC7C /* main.m */; };
		850FD3471657CB260095DC7C /* AppDelegate.m in Sources */ = {isa = PBXBuildFile; fileRef = 850FD3461657CB260095DC7C /* AppDelegate.m */; };
		850FD3551657CB270095DC7C /* SenTestingKit.framework in Frameworks */ = {isa = PBXBuildFile; fileRef = 850FD3541657CB270095DC7C /* SenTestingKit.framework */; };
		850FD3561657CB270095DC7C /* UIKit.framework in Frameworks */ = {isa = PBXBuildFile; fileRef = 850FD3361657CB260095DC7C /* UIKit.framework */; };
		850FD3571657CB270095DC7C /* Foundation.framework in Frameworks */ = {isa = PBXBuildFile; fileRef = 850FD3381657CB260095DC7C /* Foundation.framework */; };
		850FD35F1657CB270095DC7C /* InfoPlist.strings in Resources */ = {isa = PBXBuildFile; fileRef = 850FD35D1657CB270095DC7C /* InfoPlist.strings */; };
		850FD3621657CB270095DC7C /* SciParkShuttleBusGoTests.m in Sources */ = {isa = PBXBuildFile; fileRef = 850FD3611657CB270095DC7C /* SciParkShuttleBusGoTests.m */; };
		850FD36C1657CBCC0095DC7C /* Storyboard_iPhone.storyboard in Resources */ = {isa = PBXBuildFile; fileRef = 850FD36B1657CBCC0095DC7C /* Storyboard_iPhone.storyboard */; };
		850FD36E1657CC2B0095DC7C /* MapKit.framework in Frameworks */ = {isa = PBXBuildFile; fileRef = 850FD36D1657CC2B0095DC7C /* MapKit.framework */; };
		850FD3711657CCA50095DC7C /* MapViewController.m in Sources */ = {isa = PBXBuildFile; fileRef = 850FD3701657CCA50095DC7C /* MapViewController.m */; };
		850FD3751657D4F70095DC7C /* BusMarkAnnotation.m in Sources */ = {isa = PBXBuildFile; fileRef = 850FD3741657D4F70095DC7C /* BusMarkAnnotation.m */; };
		850FD3781657D56E0095DC7C /* BusMarkView.m in Sources */ = {isa = PBXBuildFile; fileRef = 850FD3771657D56E0095DC7C /* BusMarkView.m */; };
		851861F51668EC8200414775 /* Default@2x.png in Resources */ = {isa = PBXBuildFile; fileRef = 851861F41668EC8200414775 /* Default@2x.png */; };
		851861F81668ED5900414775 /* Default.png in Resources */ = {isa = PBXBuildFile; fileRef = 851861F71668ED5900414775 /* Default.png */; };
		851861FA1668EEA100414775 /* Default-568h@2x.png in Resources */ = {isa = PBXBuildFile; fileRef = 851861F91668EEA100414775 /* Default-568h@2x.png */; };
		851861FC1670DEDD00414775 /* icon.png in Resources */ = {isa = PBXBuildFile; fileRef = 851861FB1670DEDD00414775 /* icon.png */; };
		851861FE1670DEE100414775 /* icon@2x.png in Resources */ = {isa = PBXBuildFile; fileRef = 851861FD1670DEE100414775 /* icon@2x.png */; };
		852AA415176DE7FA000039FE /* QuartzCore.framework in Frameworks */ = {isa = PBXBuildFile; fileRef = 852AA414176DE7FA000039FE /* QuartzCore.framework */; };
		85440F251657E8B300256C6B /* GDataXMLNode.m in Sources */ = {isa = PBXBuildFile; fileRef = 85440F241657E8B300256C6B /* GDataXMLNode.m */; settings = {COMPILER_FLAGS = "-fno-objc-arc"; }; };
		858AB820176DC1800081FB90 /* PDFScrollView.m in Sources */ = {isa = PBXBuildFile; fileRef = 858AB81A176DC1800081FB90 /* PDFScrollView.m */; };
		858AB821176DC1800081FB90 /* TiledPDFView.m in Sources */ = {isa = PBXBuildFile; fileRef = 858AB81C176DC1800081FB90 /* TiledPDFView.m */; };
		858AB822176DC1800081FB90 /* ZoomingPDFViewerViewController.m in Sources */ = {isa = PBXBuildFile; fileRef = 858AB81E176DC1800081FB90 /* ZoomingPDFViewerViewController.m */; };
		85A88ECA1664F84000BE5DCE /* SettingViewController.m in Sources */ = {isa = PBXBuildFile; fileRef = 85A88EC91664F84000BE5DCE /* SettingViewController.m */; };
		85ADE1CC18C76B94000D6BD8 /* Launch7-586h@2x.png in Resources */ = {isa = PBXBuildFile; fileRef = 85ADE1CB18C76B94000D6BD8 /* Launch7-586h@2x.png */; };
		85D9D9D61940A56F00A8B19C /* WebViewController.swift in Sources */ = {isa = PBXBuildFile; fileRef = 85D9D9D51940A56F00A8B19C /* WebViewController.swift */; };
		85E68BAF18C60E6500C4B1EB /* 1030201_Orange.pdf in Resources */ = {isa = PBXBuildFile; fileRef = 85E68BAA18C60E6500C4B1EB /* 1030201_Orange.pdf */; };
		85E68BB018C60E6500C4B1EB /* 1030201_purple.pdf in Resources */ = {isa = PBXBuildFile; fileRef = 85E68BAB18C60E6500C4B1EB /* 1030201_purple.pdf */; };
		85E68BB118C60E6500C4B1EB /* 1030201_green.pdf in Resources */ = {isa = PBXBuildFile; fileRef = 85E68BAC18C60E6500C4B1EB /* 1030201_green.pdf */; };
		85E68BB218C60E6500C4B1EB /* 1030201_red.pdf in Resources */ = {isa = PBXBuildFile; fileRef = 85E68BAD18C60E6500C4B1EB /* 1030201_red.pdf */; };
		85E68BB318C60E6500C4B1EB /* 1030301_all.pdf in Resources */ = {isa = PBXBuildFile; fileRef = 85E68BAE18C60E6500C4B1EB /* 1030301_all.pdf */; };
		85E68BB818C7584B00C4B1EB /* icon@29.png in Resources */ = {isa = PBXBuildFile; fileRef = 85E68BB418C7584A00C4B1EB /* icon@29.png */; };
		85E68BB918C7584B00C4B1EB /* icon@58.png in Resources */ = {isa = PBXBuildFile; fileRef = 85E68BB518C7584A00C4B1EB /* icon@58.png */; };
		85E68BBA18C7584B00C4B1EB /* icon@80.png in Resources */ = {isa = PBXBuildFile; fileRef = 85E68BB618C7584A00C4B1EB /* icon@80.png */; };
		85E68BBB18C7584B00C4B1EB /* icon@120.png in Resources */ = {isa = PBXBuildFile; fileRef = 85E68BB718C7584A00C4B1EB /* icon@120.png */; };
		85E68BBE18C76ABA00C4B1EB /* Launch7@2x.png in Resources */ = {isa = PBXBuildFile; fileRef = 85E68BBC18C76ABA00C4B1EB /* Launch7@2x.png */; };
		85FF7FB8179820BC00AE4F6F /* bus.png in Resources */ = {isa = PBXBuildFile; fileRef = 85FF7FB6179820BC00AE4F6F /* bus.png */; };
		85FF7FB9179820BC00AE4F6F /* bus@2x.png in Resources */ = {isa = PBXBuildFile; fileRef = 85FF7FB7179820BC00AE4F6F /* bus@2x.png */; };
		85FF7FBC1798217D00AE4F6F /* settings.png in Resources */ = {isa = PBXBuildFile; fileRef = 85FF7FBA1798217D00AE4F6F /* settings.png */; };
		85FF7FBD1798217D00AE4F6F /* settings@2x.png in Resources */ = {isa = PBXBuildFile; fileRef = 85FF7FBB1798217D00AE4F6F /* settings@2x.png */; };
		85FF7FBF1798288A00AE4F6F /* MessageUI.framework in Frameworks */ = {isa = PBXBuildFile; fileRef = 85FF7FBE1798288A00AE4F6F /* MessageUI.framework */; };
/* End PBXBuildFile section */

/* Begin PBXContainerItemProxy section */
		850FD3581657CB270095DC7C /* PBXContainerItemProxy */ = {
			isa = PBXContainerItemProxy;
			containerPortal = 850FD3291657CB250095DC7C /* Project object */;
			proxyType = 1;
			remoteGlobalIDString = 850FD3311657CB260095DC7C;
			remoteInfo = SciParkShuttleBusGo;
		};
/* End PBXContainerItemProxy section */

/* Begin PBXFileReference section */
		850FD3321657CB260095DC7C /* SciParkShuttleBusGo.app */ = {isa = PBXFileReference; explicitFileType = wrapper.application; includeInIndex = 0; path = SciParkShuttleBusGo.app; sourceTree = BUILT_PRODUCTS_DIR; };
		850FD3361657CB260095DC7C /* UIKit.framework */ = {isa = PBXFileReference; lastKnownFileType = wrapper.framework; name = UIKit.framework; path = System/Library/Frameworks/UIKit.framework; sourceTree = SDKROOT; };
		850FD3381657CB260095DC7C /* Foundation.framework */ = {isa = PBXFileReference; lastKnownFileType = wrapper.framework; name = Foundation.framework; path = System/Library/Frameworks/Foundation.framework; sourceTree = SDKROOT; };
		850FD33A1657CB260095DC7C /* CoreGraphics.framework */ = {isa = PBXFileReference; lastKnownFileType = wrapper.framework; name = CoreGraphics.framework; path = System/Library/Frameworks/CoreGraphics.framework; sourceTree = SDKROOT; };
		850FD33E1657CB260095DC7C /* SciParkShuttleBusGo-Info.plist */ = {isa = PBXFileReference; lastKnownFileType = text.plist.xml; path = "SciParkShuttleBusGo-Info.plist"; sourceTree = "<group>"; };
		850FD3401657CB260095DC7C /* en */ = {isa = PBXFileReference; lastKnownFileType = text.plist.strings; name = en; path = en.lproj/InfoPlist.strings; sourceTree = "<group>"; };
		850FD3421657CB260095DC7C /* main.m */ = {isa = PBXFileReference; lastKnownFileType = sourcecode.c.objc; path = main.m; sourceTree = "<group>"; };
		850FD3441657CB260095DC7C /* SciParkShuttleBusGo-Prefix.pch */ = {isa = PBXFileReference; lastKnownFileType = sourcecode.c.h; path = "SciParkShuttleBusGo-Prefix.pch"; sourceTree = "<group>"; };
		850FD3451657CB260095DC7C /* AppDelegate.h */ = {isa = PBXFileReference; lastKnownFileType = sourcecode.c.h; path = AppDelegate.h; sourceTree = "<group>"; };
		850FD3461657CB260095DC7C /* AppDelegate.m */ = {isa = PBXFileReference; lastKnownFileType = sourcecode.c.objc; path = AppDelegate.m; sourceTree = "<group>"; };
		850FD3531657CB270095DC7C /* SciParkShuttleBusGoTests.octest */ = {isa = PBXFileReference; explicitFileType = wrapper.cfbundle; includeInIndex = 0; path = SciParkShuttleBusGoTests.octest; sourceTree = BUILT_PRODUCTS_DIR; };
		850FD3541657CB270095DC7C /* SenTestingKit.framework */ = {isa = PBXFileReference; lastKnownFileType = wrapper.framework; name = SenTestingKit.framework; path = Library/Frameworks/SenTestingKit.framework; sourceTree = DEVELOPER_DIR; };
		850FD35C1657CB270095DC7C /* SciParkShuttleBusGoTests-Info.plist */ = {isa = PBXFileReference; lastKnownFileType = text.plist.xml; path = "SciParkShuttleBusGoTests-Info.plist"; sourceTree = "<group>"; };
		850FD35E1657CB270095DC7C /* en */ = {isa = PBXFileReference; lastKnownFileType = text.plist.strings; name = en; path = en.lproj/InfoPlist.strings; sourceTree = "<group>"; };
		850FD3601657CB270095DC7C /* SciParkShuttleBusGoTests.h */ = {isa = PBXFileReference; lastKnownFileType = sourcecode.c.h; path = SciParkShuttleBusGoTests.h; sourceTree = "<group>"; };
		850FD3611657CB270095DC7C /* SciParkShuttleBusGoTests.m */ = {isa = PBXFileReference; lastKnownFileType = sourcecode.c.objc; path = SciParkShuttleBusGoTests.m; sourceTree = "<group>"; };
		850FD36B1657CBCC0095DC7C /* Storyboard_iPhone.storyboard */ = {isa = PBXFileReference; fileEncoding = 4; lastKnownFileType = file.storyboard; path = Storyboard_iPhone.storyboard; sourceTree = "<group>"; };
		850FD36D1657CC2B0095DC7C /* MapKit.framework */ = {isa = PBXFileReference; lastKnownFileType = wrapper.framework; name = MapKit.framework; path = System/Library/Frameworks/MapKit.framework; sourceTree = SDKROOT; };
		850FD36F1657CCA50095DC7C /* MapViewController.h */ = {isa = PBXFileReference; fileEncoding = 4; lastKnownFileType = sourcecode.c.h; path = MapViewController.h; sourceTree = "<group>"; };
		850FD3701657CCA50095DC7C /* MapViewController.m */ = {isa = PBXFileReference; fileEncoding = 4; lastKnownFileType = sourcecode.c.objc; path = MapViewController.m; sourceTree = "<group>"; };
		850FD3731657D4F70095DC7C /* BusMarkAnnotation.h */ = {isa = PBXFileReference; fileEncoding = 4; lastKnownFileType = sourcecode.c.h; path = BusMarkAnnotation.h; sourceTree = "<group>"; };
		850FD3741657D4F70095DC7C /* BusMarkAnnotation.m */ = {isa = PBXFileReference; fileEncoding = 4; lastKnownFileType = sourcecode.c.objc; path = BusMarkAnnotation.m; sourceTree = "<group>"; };
		850FD3761657D56E0095DC7C /* BusMarkView.h */ = {isa = PBXFileReference; fileEncoding = 4; lastKnownFileType = sourcecode.c.h; path = BusMarkView.h; sourceTree = "<group>"; };
		850FD3771657D56E0095DC7C /* BusMarkView.m */ = {isa = PBXFileReference; fileEncoding = 4; lastKnownFileType = sourcecode.c.objc; path = BusMarkView.m; sourceTree = "<group>"; };
		851861F41668EC8200414775 /* Default@2x.png */ = {isa = PBXFileReference; lastKnownFileType = image.png; name = "Default@2x.png"; path = "../Default@2x.png"; sourceTree = "<group>"; };
		851861F71668ED5900414775 /* Default.png */ = {isa = PBXFileReference; lastKnownFileType = image.png; name = Default.png; path = ../Default.png; sourceTree = "<group>"; };
		851861F91668EEA100414775 /* Default-568h@2x.png */ = {isa = PBXFileReference; lastKnownFileType = image.png; name = "Default-568h@2x.png"; path = "../Default-568h@2x.png"; sourceTree = "<group>"; };
		851861FB1670DEDD00414775 /* icon.png */ = {isa = PBXFileReference; lastKnownFileType = image.png; name = icon.png; path = ../icon.png; sourceTree = "<group>"; };
		851861FD1670DEE100414775 /* icon@2x.png */ = {isa = PBXFileReference; lastKnownFileType = image.png; name = "icon@2x.png"; path = "../icon@2x.png"; sourceTree = "<group>"; };
		852AA414176DE7FA000039FE /* QuartzCore.framework */ = {isa = PBXFileReference; lastKnownFileType = wrapper.framework; name = QuartzCore.framework; path = System/Library/Frameworks/QuartzCore.framework; sourceTree = SDKROOT; };
		85440F231657E8B300256C6B /* GDataXMLNode.h */ = {isa = PBXFileReference; fileEncoding = 4; lastKnownFileType = sourcecode.c.h; path = GDataXMLNode.h; sourceTree = "<group>"; };
		85440F241657E8B300256C6B /* GDataXMLNode.m */ = {isa = PBXFileReference; fileEncoding = 4; lastKnownFileType = sourcecode.c.objc; path = GDataXMLNode.m; sourceTree = "<group>"; };
		858AB81A176DC1800081FB90 /* PDFScrollView.m */ = {isa = PBXFileReference; fileEncoding = 4; lastKnownFileType = sourcecode.c.objc; path = PDFScrollView.m; sourceTree = "<group>"; };
		858AB81B176DC1800081FB90 /* TiledPDFView.h */ = {isa = PBXFileReference; fileEncoding = 4; lastKnownFileType = sourcecode.c.h; path = TiledPDFView.h; sourceTree = "<group>"; };
		858AB81C176DC1800081FB90 /* TiledPDFView.m */ = {isa = PBXFileReference; fileEncoding = 4; lastKnownFileType = sourcecode.c.objc; path = TiledPDFView.m; sourceTree = "<group>"; };
		858AB81D176DC1800081FB90 /* ZoomingPDFViewerViewController.h */ = {isa = PBXFileReference; fileEncoding = 4; lastKnownFileType = sourcecode.c.h; path = ZoomingPDFViewerViewController.h; sourceTree = "<group>"; };
		858AB81E176DC1800081FB90 /* ZoomingPDFViewerViewController.m */ = {isa = PBXFileReference; fileEncoding = 4; lastKnownFileType = sourcecode.c.objc; path = ZoomingPDFViewerViewController.m; sourceTree = "<group>"; };
		858AB81F176DC1800081FB90 /* PDFScrollView.h */ = {isa = PBXFileReference; fileEncoding = 4; lastKnownFileType = sourcecode.c.h; path = PDFScrollView.h; sourceTree = "<group>"; };
		85A88EC81664F84000BE5DCE /* SettingViewController.h */ = {isa = PBXFileReference; fileEncoding = 4; lastKnownFileType = sourcecode.c.h; path = SettingViewController.h; sourceTree = "<group>"; };
		85A88EC91664F84000BE5DCE /* SettingViewController.m */ = {isa = PBXFileReference; fileEncoding = 4; lastKnownFileType = sourcecode.c.objc; path = SettingViewController.m; sourceTree = "<group>"; };
		85ADE1CB18C76B94000D6BD8 /* Launch7-586h@2x.png */ = {isa = PBXFileReference; lastKnownFileType = image.png; path = "Launch7-586h@2x.png"; sourceTree = "<group>"; };
		85D9D9D41940A56F00A8B19C /* SciParkShuttleBusGo-Bridging-Header.h */ = {isa = PBXFileReference; lastKnownFileType = sourcecode.c.h; path = "SciParkShuttleBusGo-Bridging-Header.h"; sourceTree = "<group>"; };
		85D9D9D51940A56F00A8B19C /* WebViewController.swift */ = {isa = PBXFileReference; fileEncoding = 4; lastKnownFileType = sourcecode.swift; path = WebViewController.swift; sourceTree = "<group>"; };
		85E68BAA18C60E6500C4B1EB /* 1030201_Orange.pdf */ = {isa = PBXFileReference; lastKnownFileType = image.pdf; path = 1030201_Orange.pdf; sourceTree = "<group>"; };
		85E68BAB18C60E6500C4B1EB /* 1030201_purple.pdf */ = {isa = PBXFileReference; lastKnownFileType = image.pdf; path = 1030201_purple.pdf; sourceTree = "<group>"; };
		85E68BAC18C60E6500C4B1EB /* 1030201_green.pdf */ = {isa = PBXFileReference; lastKnownFileType = image.pdf; path = 1030201_green.pdf; sourceTree = "<group>"; };
		85E68BAD18C60E6500C4B1EB /* 1030201_red.pdf */ = {isa = PBXFileReference; lastKnownFileType = image.pdf; path = 1030201_red.pdf; sourceTree = "<group>"; };
		85E68BAE18C60E6500C4B1EB /* 1030301_all.pdf */ = {isa = PBXFileReference; lastKnownFileType = image.pdf; path = 1030301_all.pdf; sourceTree = "<group>"; };
		85E68BB418C7584A00C4B1EB /* icon@29.png */ = {isa = PBXFileReference; lastKnownFileType = image.png; path = "icon@29.png"; sourceTree = "<group>"; };
		85E68BB518C7584A00C4B1EB /* icon@58.png */ = {isa = PBXFileReference; lastKnownFileType = image.png; path = "icon@58.png"; sourceTree = "<group>"; };
		85E68BB618C7584A00C4B1EB /* icon@80.png */ = {isa = PBXFileReference; lastKnownFileType = image.png; path = "icon@80.png"; sourceTree = "<group>"; };
		85E68BB718C7584A00C4B1EB /* icon@120.png */ = {isa = PBXFileReference; lastKnownFileType = image.png; path = "icon@120.png"; sourceTree = "<group>"; };
		85E68BBC18C76ABA00C4B1EB /* Launch7@2x.png */ = {isa = PBXFileReference; lastKnownFileType = image.png; path = "Launch7@2x.png"; sourceTree = "<group>"; };
		85FF7FB6179820BC00AE4F6F /* bus.png */ = {isa = PBXFileReference; lastKnownFileType = image.png; path = bus.png; sourceTree = "<group>"; };
		85FF7FB7179820BC00AE4F6F /* bus@2x.png */ = {isa = PBXFileReference; lastKnownFileType = image.png; path = "bus@2x.png"; sourceTree = "<group>"; };
		85FF7FBA1798217D00AE4F6F /* settings.png */ = {isa = PBXFileReference; lastKnownFileType = image.png; path = settings.png; sourceTree = "<group>"; };
		85FF7FBB1798217D00AE4F6F /* settings@2x.png */ = {isa = PBXFileReference; lastKnownFileType = image.png; path = "settings@2x.png"; sourceTree = "<group>"; };
		85FF7FBE1798288A00AE4F6F /* MessageUI.framework */ = {isa = PBXFileReference; lastKnownFileType = wrapper.framework; name = MessageUI.framework; path = System/Library/Frameworks/MessageUI.framework; sourceTree = SDKROOT; };
/* End PBXFileReference section */

/* Begin PBXFrameworksBuildPhase section */
		850FD32F1657CB260095DC7C /* Frameworks */ = {
			isa = PBXFrameworksBuildPhase;
			buildActionMask = 2147483647;
			files = (
				85FF7FBF1798288A00AE4F6F /* MessageUI.framework in Frameworks */,
				850FD36E1657CC2B0095DC7C /* MapKit.framework in Frameworks */,
				850FD3371657CB260095DC7C /* UIKit.framework in Frameworks */,
				850FD3391657CB260095DC7C /* Foundation.framework in Frameworks */,
				850FD33B1657CB260095DC7C /* CoreGraphics.framework in Frameworks */,
				852AA415176DE7FA000039FE /* QuartzCore.framework in Frameworks */,
			);
			runOnlyForDeploymentPostprocessing = 0;
		};
		850FD34F1657CB270095DC7C /* Frameworks */ = {
			isa = PBXFrameworksBuildPhase;
			buildActionMask = 2147483647;
			files = (
				850FD3551657CB270095DC7C /* SenTestingKit.framework in Frameworks */,
				850FD3561657CB270095DC7C /* UIKit.framework in Frameworks */,
				850FD3571657CB270095DC7C /* Foundation.framework in Frameworks */,
			);
			runOnlyForDeploymentPostprocessing = 0;
		};
/* End PBXFrameworksBuildPhase section */

/* Begin PBXGroup section */
		850FD3271657CB250095DC7C = {
			isa = PBXGroup;
			children = (
				85FF7FBE1798288A00AE4F6F /* MessageUI.framework */,
				852AA414176DE7FA000039FE /* QuartzCore.framework */,
				850FD33C1657CB260095DC7C /* SciParkShuttleBusGo */,
				850FD35A1657CB270095DC7C /* SciParkShuttleBusGoTests */,
				850FD3351657CB260095DC7C /* Frameworks */,
				850FD3331657CB260095DC7C /* Products */,
			);
			sourceTree = "<group>";
		};
		850FD3331657CB260095DC7C /* Products */ = {
			isa = PBXGroup;
			children = (
				850FD3321657CB260095DC7C /* SciParkShuttleBusGo.app */,
				850FD3531657CB270095DC7C /* SciParkShuttleBusGoTests.octest */,
			);
			name = Products;
			sourceTree = "<group>";
		};
		850FD3351657CB260095DC7C /* Frameworks */ = {
			isa = PBXGroup;
			children = (
				850FD36D1657CC2B0095DC7C /* MapKit.framework */,
				850FD3361657CB260095DC7C /* UIKit.framework */,
				850FD3381657CB260095DC7C /* Foundation.framework */,
				850FD33A1657CB260095DC7C /* CoreGraphics.framework */,
				850FD3541657CB270095DC7C /* SenTestingKit.framework */,
			);
			name = Frameworks;
			sourceTree = "<group>";
		};
		850FD33C1657CB260095DC7C /* SciParkShuttleBusGo */ = {
			isa = PBXGroup;
			children = (
				850FD3451657CB260095DC7C /* AppDelegate.h */,
				850FD3461657CB260095DC7C /* AppDelegate.m */,
				850FD36B1657CBCC0095DC7C /* Storyboard_iPhone.storyboard */,
				850FD3721657D4BB0095DC7C /* MapView */,
				858AB815176D92E70081FB90 /* SettingView */,
				850FD33D1657CB260095DC7C /* Supporting Files */,
				858AB802176D59F40081FB90 /* PDF */,
				85440F211657E88100256C6B /* XMLSupport */,
			);
			path = SciParkShuttleBusGo;
			sourceTree = "<group>";
		};
		850FD33D1657CB260095DC7C /* Supporting Files */ = {
			isa = PBXGroup;
			children = (
				858AB801176CB7C00081FB90 /* images */,
				850FD33E1657CB260095DC7C /* SciParkShuttleBusGo-Info.plist */,
				850FD33F1657CB260095DC7C /* InfoPlist.strings */,
				850FD3421657CB260095DC7C /* main.m */,
				850FD3441657CB260095DC7C /* SciParkShuttleBusGo-Prefix.pch */,
			);
			name = "Supporting Files";
			sourceTree = "<group>";
		};
		850FD35A1657CB270095DC7C /* SciParkShuttleBusGoTests */ = {
			isa = PBXGroup;
			children = (
				850FD3601657CB270095DC7C /* SciParkShuttleBusGoTests.h */,
				850FD3611657CB270095DC7C /* SciParkShuttleBusGoTests.m */,
				850FD35B1657CB270095DC7C /* Supporting Files */,
			);
			path = SciParkShuttleBusGoTests;
			sourceTree = "<group>";
		};
		850FD35B1657CB270095DC7C /* Supporting Files */ = {
			isa = PBXGroup;
			children = (
				850FD35C1657CB270095DC7C /* SciParkShuttleBusGoTests-Info.plist */,
				850FD35D1657CB270095DC7C /* InfoPlist.strings */,
			);
			name = "Supporting Files";
			sourceTree = "<group>";
		};
		850FD3721657D4BB0095DC7C /* MapView */ = {
			isa = PBXGroup;
			children = (
				850FD36F1657CCA50095DC7C /* MapViewController.h */,
				850FD3701657CCA50095DC7C /* MapViewController.m */,
				850FD3731657D4F70095DC7C /* BusMarkAnnotation.h */,
				850FD3741657D4F70095DC7C /* BusMarkAnnotation.m */,
				850FD3761657D56E0095DC7C /* BusMarkView.h */,
				850FD3771657D56E0095DC7C /* BusMarkView.m */,
			);
			name = MapView;
			sourceTree = "<group>";
		};
		85440F211657E88100256C6B /* XMLSupport */ = {
			isa = PBXGroup;
			children = (
				85440F231657E8B300256C6B /* GDataXMLNode.h */,
				85440F241657E8B300256C6B /* GDataXMLNode.m */,
			);
			name = XMLSupport;
			sourceTree = "<group>";
		};
		858AB801176CB7C00081FB90 /* images */ = {
			isa = PBXGroup;
			children = (
				85FF7FBA1798217D00AE4F6F /* settings.png */,
				85FF7FBB1798217D00AE4F6F /* settings@2x.png */,
				85FF7FB6179820BC00AE4F6F /* bus.png */,
				85FF7FB7179820BC00AE4F6F /* bus@2x.png */,
				851861FD1670DEE100414775 /* icon@2x.png */,
				851861FB1670DEDD00414775 /* icon.png */,
				85E68BB418C7584A00C4B1EB /* icon@29.png */,
				85E68BB518C7584A00C4B1EB /* icon@58.png */,
				85E68BB618C7584A00C4B1EB /* icon@80.png */,
				85E68BB718C7584A00C4B1EB /* icon@120.png */,
				851861F91668EEA100414775 /* Default-568h@2x.png */,
				851861F71668ED5900414775 /* Default.png */,
				851861F41668EC8200414775 /* Default@2x.png */,
				85E68BBC18C76ABA00C4B1EB /* Launch7@2x.png */,
				85ADE1CB18C76B94000D6BD8 /* Launch7-586h@2x.png */,
			);
			name = images;
			sourceTree = "<group>";
		};
		858AB802176D59F40081FB90 /* PDF */ = {
			isa = PBXGroup;
			children = (
				85E68BAA18C60E6500C4B1EB /* 1030201_Orange.pdf */,
				85E68BAB18C60E6500C4B1EB /* 1030201_purple.pdf */,
				85E68BAC18C60E6500C4B1EB /* 1030201_green.pdf */,
				85E68BAD18C60E6500C4B1EB /* 1030201_red.pdf */,
				85E68BAE18C60E6500C4B1EB /* 1030301_all.pdf */,
			);
			name = PDF;
			sourceTree = "<group>";
		};
		858AB815176D92E70081FB90 /* SettingView */ = {
			isa = PBXGroup;
			children = (
				858AB819176DC1160081FB90 /* ZoomingPDFViewer */,
				85A88EC81664F84000BE5DCE /* SettingViewController.h */,
				85A88EC91664F84000BE5DCE /* SettingViewController.m */,
				85D9D9D51940A56F00A8B19C /* WebViewController.swift */,
				85D9D9D41940A56F00A8B19C /* SciParkShuttleBusGo-Bridging-Header.h */,
			);
			name = SettingView;
			sourceTree = "<group>";
		};
		858AB819176DC1160081FB90 /* ZoomingPDFViewer */ = {
			isa = PBXGroup;
			children = (
				858AB81D176DC1800081FB90 /* ZoomingPDFViewerViewController.h */,
				858AB81E176DC1800081FB90 /* ZoomingPDFViewerViewController.m */,
				858AB81F176DC1800081FB90 /* PDFScrollView.h */,
				858AB81A176DC1800081FB90 /* PDFScrollView.m */,
				858AB81B176DC1800081FB90 /* TiledPDFView.h */,
				858AB81C176DC1800081FB90 /* TiledPDFView.m */,
			);
			name = ZoomingPDFViewer;
			sourceTree = "<group>";
		};
/* End PBXGroup section */

/* Begin PBXNativeTarget section */
		850FD3311657CB260095DC7C /* SciParkShuttleBusGo */ = {
			isa = PBXNativeTarget;
			buildConfigurationList = 850FD3651657CB270095DC7C /* Build configuration list for PBXNativeTarget "SciParkShuttleBusGo" */;
			buildPhases = (
				850FD32E1657CB260095DC7C /* Sources */,
				850FD32F1657CB260095DC7C /* Frameworks */,
				850FD3301657CB260095DC7C /* Resources */,
			);
			buildRules = (
			);
			dependencies = (
			);
			name = SciParkShuttleBusGo;
			productName = SciParkShuttleBusGo;
			productReference = 850FD3321657CB260095DC7C /* SciParkShuttleBusGo.app */;
			productType = "com.apple.product-type.application";
		};
		850FD3521657CB270095DC7C /* SciParkShuttleBusGoTests */ = {
			isa = PBXNativeTarget;
			buildConfigurationList = 850FD3681657CB270095DC7C /* Build configuration list for PBXNativeTarget "SciParkShuttleBusGoTests" */;
			buildPhases = (
				850FD34E1657CB270095DC7C /* Sources */,
				850FD34F1657CB270095DC7C /* Frameworks */,
				850FD3501657CB270095DC7C /* Resources */,
				850FD3511657CB270095DC7C /* ShellScript */,
			);
			buildRules = (
			);
			dependencies = (
				850FD3591657CB270095DC7C /* PBXTargetDependency */,
			);
			name = SciParkShuttleBusGoTests;
			productName = SciParkShuttleBusGoTests;
			productReference = 850FD3531657CB270095DC7C /* SciParkShuttleBusGoTests.octest */;
			productType = "com.apple.product-type.bundle.ocunit-test";
		};
/* End PBXNativeTarget section */

/* Begin PBXProject section */
		850FD3291657CB250095DC7C /* Project object */ = {
			isa = PBXProject;
			attributes = {
				LastUpgradeCheck = 0450;
				ORGANIZATIONNAME = klandor;
				TargetAttributes = {
					850FD3311657CB260095DC7C = {
						DevelopmentTeam = CSA2U5KAPZ;
					};
				};
			};
			buildConfigurationList = 850FD32C1657CB250095DC7C /* Build configuration list for PBXProject "SciParkShuttleBusGo" */;
			compatibilityVersion = "Xcode 3.2";
			developmentRegion = English;
			hasScannedForEncodings = 0;
			knownRegions = (
				en,
			);
			mainGroup = 850FD3271657CB250095DC7C;
			productRefGroup = 850FD3331657CB260095DC7C /* Products */;
			projectDirPath = "";
			projectRoot = "";
			targets = (
				850FD3311657CB260095DC7C /* SciParkShuttleBusGo */,
				850FD3521657CB270095DC7C /* SciParkShuttleBusGoTests */,
			);
		};
/* End PBXProject section */

/* Begin PBXResourcesBuildPhase section */
		850FD3301657CB260095DC7C /* Resources */ = {
			isa = PBXResourcesBuildPhase;
			buildActionMask = 2147483647;
			files = (
				850FD3411657CB260095DC7C /* InfoPlist.strings in Resources */,
				850FD36C1657CBCC0095DC7C /* Storyboard_iPhone.storyboard in Resources */,
				85E68BB918C7584B00C4B1EB /* icon@58.png in Resources */,
				85E68BB118C60E6500C4B1EB /* 1030201_green.pdf in Resources */,
				851861F51668EC8200414775 /* Default@2x.png in Resources */,
				851861F81668ED5900414775 /* Default.png in Resources */,
				851861FA1668EEA100414775 /* Default-568h@2x.png in Resources */,
				85E68BB018C60E6500C4B1EB /* 1030201_purple.pdf in Resources */,
				85E68BB318C60E6500C4B1EB /* 1030301_all.pdf in Resources */,
				85E68BBE18C76ABA00C4B1EB /* Launch7@2x.png in Resources */,
				85ADE1CC18C76B94000D6BD8 /* Launch7-586h@2x.png in Resources */,
				85E68BB218C60E6500C4B1EB /* 1030201_red.pdf in Resources */,
				85E68BB818C7584B00C4B1EB /* icon@29.png in Resources */,
				851861FC1670DEDD00414775 /* icon.png in Resources */,
				851861FE1670DEE100414775 /* icon@2x.png in Resources */,
				85FF7FB8179820BC00AE4F6F /* bus.png in Resources */,
				85E68BAF18C60E6500C4B1EB /* 1030201_Orange.pdf in Resources */,
				85FF7FB9179820BC00AE4F6F /* bus@2x.png in Resources */,
				85E68BBA18C7584B00C4B1EB /* icon@80.png in Resources */,
				85FF7FBC1798217D00AE4F6F /* settings.png in Resources */,
				85FF7FBD1798217D00AE4F6F /* settings@2x.png in Resources */,
				85E68BBB18C7584B00C4B1EB /* icon@120.png in Resources */,
			);
			runOnlyForDeploymentPostprocessing = 0;
		};
		850FD3501657CB270095DC7C /* Resources */ = {
			isa = PBXResourcesBuildPhase;
			buildActionMask = 2147483647;
			files = (
				850FD35F1657CB270095DC7C /* InfoPlist.strings in Resources */,
			);
			runOnlyForDeploymentPostprocessing = 0;
		};
/* End PBXResourcesBuildPhase section */

/* Begin PBXShellScriptBuildPhase section */
		850FD3511657CB270095DC7C /* ShellScript */ = {
			isa = PBXShellScriptBuildPhase;
			buildActionMask = 2147483647;
			files = (
			);
			inputPaths = (
			);
			outputPaths = (
			);
			runOnlyForDeploymentPostprocessing = 0;
			shellPath = /bin/sh;
			shellScript = "# Run the unit tests in this test bundle.\n\"${SYSTEM_DEVELOPER_DIR}/Tools/RunUnitTests\"\n";
		};
/* End PBXShellScriptBuildPhase section */

/* Begin PBXSourcesBuildPhase section */
		850FD32E1657CB260095DC7C /* Sources */ = {
			isa = PBXSourcesBuildPhase;
			buildActionMask = 2147483647;
			files = (
				850FD3431657CB260095DC7C /* main.m in Sources */,
				85D9D9D61940A56F00A8B19C /* WebViewController.swift in Sources */,
				850FD3471657CB260095DC7C /* AppDelegate.m in Sources */,
				850FD3711657CCA50095DC7C /* MapViewController.m in Sources */,
				850FD3751657D4F70095DC7C /* BusMarkAnnotation.m in Sources */,
				850FD3781657D56E0095DC7C /* BusMarkView.m in Sources */,
				85440F251657E8B300256C6B /* GDataXMLNode.m in Sources */,
				85A88ECA1664F84000BE5DCE /* SettingViewController.m in Sources */,
				858AB820176DC1800081FB90 /* PDFScrollView.m in Sources */,
				858AB821176DC1800081FB90 /* TiledPDFView.m in Sources */,
				858AB822176DC1800081FB90 /* ZoomingPDFViewerViewController.m in Sources */,
			);
			runOnlyForDeploymentPostprocessing = 0;
		};
		850FD34E1657CB270095DC7C /* Sources */ = {
			isa = PBXSourcesBuildPhase;
			buildActionMask = 2147483647;
			files = (
				850FD3621657CB270095DC7C /* SciParkShuttleBusGoTests.m in Sources */,
			);
			runOnlyForDeploymentPostprocessing = 0;
		};
/* End PBXSourcesBuildPhase section */

/* Begin PBXTargetDependency section */
		850FD3591657CB270095DC7C /* PBXTargetDependency */ = {
			isa = PBXTargetDependency;
			target = 850FD3311657CB260095DC7C /* SciParkShuttleBusGo */;
			targetProxy = 850FD3581657CB270095DC7C /* PBXContainerItemProxy */;
		};
/* End PBXTargetDependency section */

/* Begin PBXVariantGroup section */
		850FD33F1657CB260095DC7C /* InfoPlist.strings */ = {
			isa = PBXVariantGroup;
			children = (
				850FD3401657CB260095DC7C /* en */,
			);
			name = InfoPlist.strings;
			sourceTree = "<group>";
		};
		850FD35D1657CB270095DC7C /* InfoPlist.strings */ = {
			isa = PBXVariantGroup;
			children = (
				850FD35E1657CB270095DC7C /* en */,
			);
			name = InfoPlist.strings;
			sourceTree = "<group>";
		};
/* End PBXVariantGroup section */

/* Begin XCBuildConfiguration section */
		850FD3631657CB270095DC7C /* Debug */ = {
			isa = XCBuildConfiguration;
			buildSettings = {
				ALWAYS_SEARCH_USER_PATHS = NO;
				CLANG_CXX_LANGUAGE_STANDARD = "gnu++0x";
				CLANG_CXX_LIBRARY = "libc++";
				CLANG_WARN_EMPTY_BODY = YES;
				CLANG_WARN__DUPLICATE_METHOD_MATCH = YES;
				"CODE_SIGN_IDENTITY[sdk=iphoneos*]" = "iPhone Developer";
				COPY_PHASE_STRIP = NO;
				GCC_C_LANGUAGE_STANDARD = gnu99;
				GCC_DYNAMIC_NO_PIC = NO;
				GCC_OPTIMIZATION_LEVEL = 0;
				GCC_PREPROCESSOR_DEFINITIONS = (
					"DEBUG=1",
					"$(inherited)",
				);
				GCC_SYMBOLS_PRIVATE_EXTERN = NO;
				GCC_WARN_ABOUT_RETURN_TYPE = YES;
				GCC_WARN_UNINITIALIZED_AUTOS = YES;
				GCC_WARN_UNUSED_VARIABLE = YES;
				IPHONEOS_DEPLOYMENT_TARGET = 6.0;
				ONLY_ACTIVE_ARCH = YES;
				SDKROOT = iphoneos;
				TARGETED_DEVICE_FAMILY = "1,2";
			};
			name = Debug;
		};
		850FD3641657CB270095DC7C /* Release */ = {
			isa = XCBuildConfiguration;
			buildSettings = {
				ALWAYS_SEARCH_USER_PATHS = NO;
				CLANG_CXX_LANGUAGE_STANDARD = "gnu++0x";
				CLANG_CXX_LIBRARY = "libc++";
				CLANG_WARN_EMPTY_BODY = YES;
				CLANG_WARN__DUPLICATE_METHOD_MATCH = YES;
				CODE_SIGN_IDENTITY = "iPhone Developer: Pei-lun Diao (92MW7GKPHX)";
				"CODE_SIGN_IDENTITY[sdk=iphoneos*]" = "iPhone Developer: Pei-lun Diao (92MW7GKPHX)";
				COPY_PHASE_STRIP = YES;
				GCC_C_LANGUAGE_STANDARD = gnu99;
				GCC_WARN_ABOUT_RETURN_TYPE = YES;
				GCC_WARN_UNINITIALIZED_AUTOS = YES;
				GCC_WARN_UNUSED_VARIABLE = YES;
				IPHONEOS_DEPLOYMENT_TARGET = 6.0;
				ONLY_ACTIVE_ARCH = NO;
				OTHER_CFLAGS = "-DNS_BLOCK_ASSERTIONS=1";
				PROVISIONING_PROFILE = "8146B6D5-79CC-42E7-A860-5C301D5680A5";
				"PROVISIONING_PROFILE[sdk=iphoneos*]" = "8146B6D5-79CC-42E7-A860-5C301D5680A5";
				SDKROOT = iphoneos;
				TARGETED_DEVICE_FAMILY = "1,2";
				VALIDATE_PRODUCT = YES;
			};
			name = Release;
		};
		850FD3661657CB270095DC7C /* Debug */ = {
			isa = XCBuildConfiguration;
			buildSettings = {
				CLANG_ENABLE_MODULES = YES;
				CLANG_ENABLE_OBJC_ARC = YES;
				CODE_SIGN_IDENTITY = "iPhone Developer";
				"CODE_SIGN_IDENTITY[sdk=iphoneos*]" = "iPhone Developer";
				GCC_PRECOMPILE_PREFIX_HEADER = YES;
				GCC_PREFIX_HEADER = "SciParkShuttleBusGo/SciParkShuttleBusGo-Prefix.pch";
				HEADER_SEARCH_PATHS = /usr/include/libxml2;
				INFOPLIST_FILE = "SciParkShuttleBusGo/SciParkShuttleBusGo-Info.plist";
				IPHONEOS_DEPLOYMENT_TARGET = 6.1;
				LD_RUNPATH_SEARCH_PATHS = "$(inherited) @executable_path/Frameworks";
				OTHER_LDFLAGS = "-lxml2";
				PRODUCT_NAME = "$(TARGET_NAME)";
				PROVISIONING_PROFILE = "";
				SWIFT_OBJC_BRIDGING_HEADER = "SciParkShuttleBusGo/SciParkShuttleBusGo-Bridging-Header.h";
				SWIFT_OPTIMIZATION_LEVEL = "-Onone";
				TARGETED_DEVICE_FAMILY = 1;
				WRAPPER_EXTENSION = app;
			};
			name = Debug;
		};
		850FD3671657CB270095DC7C /* Release */ = {
			isa = XCBuildConfiguration;
			buildSettings = {
				CLANG_ENABLE_MODULES = YES;
				CLANG_ENABLE_OBJC_ARC = YES;
				CODE_SIGN_IDENTITY = "iPhone Developer";
				"CODE_SIGN_IDENTITY[sdk=iphoneos*]" = "iPhone Developer";
				GCC_PRECOMPILE_PREFIX_HEADER = YES;
				GCC_PREFIX_HEADER = "SciParkShuttleBusGo/SciParkShuttleBusGo-Prefix.pch";
				HEADER_SEARCH_PATHS = /usr/include/libxml2;
				INFOPLIST_FILE = "SciParkShuttleBusGo/SciParkShuttleBusGo-Info.plist";
				IPHONEOS_DEPLOYMENT_TARGET = 6.1;
				LD_RUNPATH_SEARCH_PATHS = "$(inherited) @executable_path/Frameworks";
				OTHER_LDFLAGS = "-lxml2";
				PRODUCT_NAME = "$(TARGET_NAME)";
				PROVISIONING_PROFILE = "";
				SWIFT_OBJC_BRIDGING_HEADER = "SciParkShuttleBusGo/SciParkShuttleBusGo-Bridging-Header.h";
				TARGETED_DEVICE_FAMILY = 1;
				WRAPPER_EXTENSION = app;
			};
			name = Release;
		};
		850FD3691657CB270095DC7C /* Debug */ = {
			isa = XCBuildConfiguration;
			buildSettings = {
				BUNDLE_LOADER = "$(BUILT_PRODUCTS_DIR)/SciParkShuttleBusGo.app/SciParkShuttleBusGo";
				FRAMEWORK_SEARCH_PATHS = (
					"\"$(SDKROOT)/Developer/Library/Frameworks\"",
					"\"$(DEVELOPER_LIBRARY_DIR)/Frameworks\"",
				);
				GCC_PRECOMPILE_PREFIX_HEADER = YES;
				GCC_PREFIX_HEADER = "SciParkShuttleBusGo/SciParkShuttleBusGo-Prefix.pch";
				INFOPLIST_FILE = "SciParkShuttleBusGoTests/SciParkShuttleBusGoTests-Info.plist";
				PRODUCT_NAME = "$(TARGET_NAME)";
				TEST_HOST = "$(BUNDLE_LOADER)";
				WRAPPER_EXTENSION = octest;
			};
			name = Debug;
		};
		850FD36A1657CB270095DC7C /* Release */ = {
			isa = XCBuildConfiguration;
			buildSettings = {
				BUNDLE_LOADER = "$(BUILT_PRODUCTS_DIR)/SciParkShuttleBusGo.app/SciParkShuttleBusGo";
				FRAMEWORK_SEARCH_PATHS = (
					"\"$(SDKROOT)/Developer/Library/Frameworks\"",
					"\"$(DEVELOPER_LIBRARY_DIR)/Frameworks\"",
				);
				GCC_PRECOMPILE_PREFIX_HEADER = YES;
				GCC_PREFIX_HEADER = "SciParkShuttleBusGo/SciParkShuttleBusGo-Prefix.pch";
				INFOPLIST_FILE = "SciParkShuttleBusGoTests/SciParkShuttleBusGoTests-Info.plist";
				PRODUCT_NAME = "$(TARGET_NAME)";
				TEST_HOST = "$(BUNDLE_LOADER)";
				WRAPPER_EXTENSION = octest;
			};
			name = Release;
		};
/* End XCBuildConfiguration section */

/* Begin XCConfigurationList section */
		850FD32C1657CB250095DC7C /* Build configuration list for PBXProject "SciParkShuttleBusGo" */ = {
			isa = XCConfigurationList;
			buildConfigurations = (
				850FD3631657CB270095DC7C /* Debug */,
				850FD3641657CB270095DC7C /* Release */,
			);
			defaultConfigurationIsVisible = 0;
			defaultConfigurationName = Release;
		};
		850FD3651657CB270095DC7C /* Build configuration list for PBXNativeTarget "SciParkShuttleBusGo" */ = {
			isa = XCConfigurationList;
			buildConfigurations = (
				850FD3661657CB270095DC7C /* Debug */,
				850FD3671657CB270095DC7C /* Release */,
			);
			defaultConfigurationIsVisible = 0;
			defaultConfigurationName = Release;
		};
		850FD3681657CB270095DC7C /* Build configuration list for PBXNativeTarget "SciParkShuttleBusGoTests" */ = {
			isa = XCConfigurationList;
			buildConfigurations = (
				850FD3691657CB270095DC7C /* Debug */,
				850FD36A1657CB270095DC7C /* Release */,
			);
			defaultConfigurationIsVisible = 0;
			defaultConfigurationName = Release;
		};
/* End XCConfigurationList section */
	};
	rootObject = 850FD3291657CB250095DC7C /* Project object */;
}
